
Microsoft Visual Studio Solution File, Format Version 12.00
# Visual Studio Version 17
VisualStudioVersion = 17.14.36127.28
MinimumVisualStudioVersion = 10.0.40219.1
Project("{8BC9CEB8-8B4A-11D0-8D11-00A0C91BC942}") = "APP_look_at_the_garden", "APP_look_at_the_garden\APP_look_at_the_garden.vcxproj", "{0F658BFF-EC7F-4A04-8681-E76D386041E3}"
EndProject
Project("{8BC9CEB8-8B4A-11D0-8D11-00A0C91BC942}") = "garden_engine", "garden_engine\garden_engine.vcxproj", "{607CF5DF-5C98-4618-B6C1-2B44CA56490E}"
EndProject
Project("{8BC9CEB8-8B4A-11D0-8D11-00A0C91BC942}") = "glad", "glad\glad.vcxproj", "{CC374BBF-BF66-432A-B5F8-902470BCFE5A}"
EndProject
Project("{2150E333-8FDC-42A3-9474-1A3956D46DE8}") = "External", "External", "{02EA681E-C7D8-13C7-8484-4AC65E1B71E8}"
EndProject
Global
	GlobalSection(SolutionConfigurationPlatforms) = preSolution
		Debug|x64 = Debug|x64
		Debug|x86 = Debug|x86
		Release|x64 = Release|x64
		Release|x86 = Release|x86
	EndGlobalSection
	GlobalSection(ProjectConfigurationPlatforms) = postSolution
		{0F658BFF-EC7F-4A04-8681-E76D386041E3}.Debug|x64.ActiveCfg = Debug|x64
		{0F658BFF-EC7F-4A04-8681-E76D386041E3}.Debug|x64.Build.0 = Debug|x64
		{0F658BFF-EC7F-4A04-8681-E76D386041E3}.Debug|x86.ActiveCfg = Debug|Win32
		{0F658BFF-EC7F-4A04-8681-E76D386041E3}.Debug|x86.Build.0 = Debug|Win32
		{0F658BFF-EC7F-4A04-8681-E76D386041E3}.Release|x64.ActiveCfg = Release|x64
		{0F658BFF-EC7F-4A04-8681-E76D386041E3}.Release|x64.Build.0 = Release|x64
		{0F658BFF-EC7F-4A04-8681-E76D386041E3}.Release|x86.ActiveCfg = Release|Win32
		{0F658BFF-EC7F-4A04-8681-E76D386041E3}.Release|x86.Build.0 = Release|Win32
		{607CF5DF-5C98-4618-B6C1-2B44CA56490E}.Debug|x64.ActiveCfg = Debug|x64
		{607CF5DF-5C98-4618-B6C1-2B44CA56490E}.Debug|x64.Build.0 = Debug|x64
		{607CF5DF-5C98-4618-B6C1-2B44CA56490E}.Debug|x86.ActiveCfg = Debug|Win32
		{607CF5DF-5C98-4618-B6C1-2B44CA56490E}.Debug|x86.Build.0 = Debug|Win32
		{607CF5DF-5C98-4618-B6C1-2B44CA56490E}.Release|x64.ActiveCfg = Release|x64
		{607CF5DF-5C98-4618-B6C1-2B44CA56490E}.Release|x64.Build.0 = Release|x64
		{607CF5DF-5C98-4618-B6C1-2B44CA56490E}.Release|x86.ActiveCfg = Release|Win32
		{607CF5DF-5C98-4618-B6C1-2B44CA56490E}.Release|x86.Build.0 = Release|Win32
		{CC374BBF-BF66-432A-B5F8-902470BCFE5A}.Debug|x64.ActiveCfg = Debug|x64
		{CC374BBF-BF66-432A-B5F8-902470BCFE5A}.Debug|x64.Build.0 = Debug|x64
		{CC374BBF-BF66-432A-B5F8-902470BCFE5A}.Debug|x86.ActiveCfg = Debug|Win32
		{CC374BBF-BF66-432A-B5F8-902470BCFE5A}.Debug|x86.Build.0 = Debug|Win32
		{CC374BBF-BF66-432A-B5F8-902470BCFE5A}.Release|x64.ActiveCfg = Release|x64
		{CC374BBF-BF66-432A-B5F8-902470BCFE5A}.Release|x64.Build.0 = Release|x64
		{CC374BBF-BF66-432A-B5F8-902470BCFE5A}.Release|x86.ActiveCfg = Release|Win32
		{CC374BBF-BF66-432A-B5F8-902470BCFE5A}.Release|x86.Build.0 = Release|Win32
	EndGlobalSection
	GlobalSection(SolutionProperties) = preSolution
		HideSolutionNode = FALSE
	EndGlobalSection
	GlobalSection(NestedProjects) = preSolution
		{CC374BBF-BF66-432A-B5F8-902470BCFE5A} = {02EA681E-C7D8-13C7-8484-4AC65E1B71E8}
	EndGlobalSection
	GlobalSection(ExtensibilityGlobals) = postSolution
		SolutionGuid = {7268F6D5-4A1F-48AC-AA01-18D26713FAC4}
	EndGlobalSection
EndGlobal
